// !$*UTF8*$!
{
	archiveVersion = 1;
	classes = {
	};
	objectVersion = 50;
	objects = {

/* Begin PBXBuildFile section */
		9308A1A725D1B72B00F5F0E9 /* Extensions.swift in Sources */ = {isa = PBXBuildFile; fileRef = 9370A52B2545609A00F2C029 /* Extensions.swift */; };
		9308A1B225D1B78000F5F0E9 /* IconButtonStyle.swift in Sources */ = {isa = PBXBuildFile; fileRef = 936886CA25469D460034F960 /* IconButtonStyle.swift */; };
		9308A1BD25D1B78E00F5F0E9 /* ViewToUIImage.swift in Sources */ = {isa = PBXBuildFile; fileRef = 9370A51D25454CD100F2C029 /* ViewToUIImage.swift */; };
		9308A1E925D1B83200F5F0E9 /* QuoteView.swift in Sources */ = {isa = PBXBuildFile; fileRef = 9362130C252ECBC1009A7CDE /* QuoteView.swift */; };
		932C5C9826F83DA600564373 /* QuoteGarden.xcdatamodeld in Sources */ = {isa = PBXBuildFile; fileRef = 93DEB54225284527006B9BF5 /* QuoteGarden.xcdatamodeld */; };
		933991AA2694AEA400EC8CDF /* buy.json in Resources */ = {isa = PBXBuildFile; fileRef = 933991A92694AEA400EC8CDF /* buy.json */; };
		933991B62694AF1000EC8CDF /* countdown.json in Resources */ = {isa = PBXBuildFile; fileRef = 933991B52694AF1000EC8CDF /* countdown.json */; };
		933991BD2694C23200EC8CDF /* StoreKit.framework in Frameworks */ = {isa = PBXBuildFile; fileRef = 933991BC2694C23200EC8CDF /* StoreKit.framework */; };
		933E2DD4264A9CD3008E8FE2 /* quotes1.json in Resources */ = {isa = PBXBuildFile; fileRef = 933E2DD2264A9CD3008E8FE2 /* quotes1.json */; };
		933E2DD5264A9CD3008E8FE2 /* quotes2.json in Resources */ = {isa = PBXBuildFile; fileRef = 933E2DD3264A9CD3008E8FE2 /* quotes2.json */; };
		933E2DE8264AF9C8008E8FE2 /* quotes2.json in Resources */ = {isa = PBXBuildFile; fileRef = 933E2DE6264AF9C8008E8FE2 /* quotes2.json */; };
		933E2DE9264AF9C8008E8FE2 /* quotes1.json in Resources */ = {isa = PBXBuildFile; fileRef = 933E2DE7264AF9C8008E8FE2 /* quotes1.json */; };
		933E2DF1264D51F9008E8FE2 /* sampleQuotes.json in Resources */ = {isa = PBXBuildFile; fileRef = 933E2DF0264D51F9008E8FE2 /* sampleQuotes.json */; };
		933E2E22264D939B008E8FE2 /* Quote.swift in Sources */ = {isa = PBXBuildFile; fileRef = 93DEB57225284631006B9BF5 /* Quote.swift */; };
		93426350254DC5840023B6FF /* Extensions.swift in Sources */ = {isa = PBXBuildFile; fileRef = 9370A52B2545609A00F2C029 /* Extensions.swift */; };
		935AD115270FFC8100CEED94 /* Localizable.strings in Resources */ = {isa = PBXBuildFile; fileRef = 935AD117270FFC8100CEED94 /* Localizable.strings */; };
		9362130D252ECBC1009A7CDE /* QuoteView.swift in Sources */ = {isa = PBXBuildFile; fileRef = 9362130C252ECBC1009A7CDE /* QuoteView.swift */; };
		936886862545D18E0034F960 /* QuoteGeneratorView.swift in Sources */ = {isa = PBXBuildFile; fileRef = 936886852545D18E0034F960 /* QuoteGeneratorView.swift */; };
		936886CB25469D460034F960 /* IconButtonStyle.swift in Sources */ = {isa = PBXBuildFile; fileRef = 936886CA25469D460034F960 /* IconButtonStyle.swift */; };
		9370A51E25454CD100F2C029 /* ViewToUIImage.swift in Sources */ = {isa = PBXBuildFile; fileRef = 9370A51D25454CD100F2C029 /* ViewToUIImage.swift */; };
		9377471725CE56EA005CFB46 /* QuoteGarden_AppClipApp.swift in Sources */ = {isa = PBXBuildFile; fileRef = 9377471625CE56EA005CFB46 /* QuoteGarden_AppClipApp.swift */; };
		9377471925CE56EA005CFB46 /* ContentView.swift in Sources */ = {isa = PBXBuildFile; fileRef = 9377471825CE56EA005CFB46 /* ContentView.swift */; };
		9377471B25CE56F1005CFB46 /* Assets.xcassets in Resources */ = {isa = PBXBuildFile; fileRef = 9377471A25CE56F1005CFB46 /* Assets.xcassets */; };
		9377471E25CE56F1005CFB46 /* Preview Assets.xcassets in Resources */ = {isa = PBXBuildFile; fileRef = 9377471D25CE56F1005CFB46 /* Preview Assets.xcassets */; };
		9377472325CE56F1005CFB46 /* QuoteGarden-AppClip.app in Embed App Clips */ = {isa = PBXBuildFile; fileRef = 9377471425CE56EA005CFB46 /* QuoteGarden-AppClip.app */; settings = {ATTRIBUTES = (RemoveHeadersOnCopy, ); }; };
		937886AE26F99FC9000AF8E2 /* SpeechManager.swift in Sources */ = {isa = PBXBuildFile; fileRef = 937886AD26F99FC9000AF8E2 /* SpeechManager.swift */; };
		93835D2F26CF6907007D0DAB /* QuoteViewModel.swift in Sources */ = {isa = PBXBuildFile; fileRef = 93835D2E26CF6907007D0DAB /* QuoteViewModel.swift */; };
		93A3EC70257B47570099B08C /* Assets.xcassets in Resources */ = {isa = PBXBuildFile; fileRef = 93A3EC6F257B47570099B08C /* Assets.xcassets */; };
		93A3EC77257B47570099B08C /* QuoteGarden-Watch Extension.appex in Embed App Extensions */ = {isa = PBXBuildFile; fileRef = 93A3EC76257B47570099B08C /* QuoteGarden-Watch Extension.appex */; settings = {ATTRIBUTES = (RemoveHeadersOnCopy, ); }; };
		93A3EC7C257B47570099B08C /* ContentView.swift in Sources */ = {isa = PBXBuildFile; fileRef = 93A3EC7B257B47570099B08C /* ContentView.swift */; };
		93A3EC7E257B47580099B08C /* QuoteGardenApp.swift in Sources */ = {isa = PBXBuildFile; fileRef = 93A3EC7D257B47580099B08C /* QuoteGardenApp.swift */; };
		93A3EC80257B47580099B08C /* ComplicationController.swift in Sources */ = {isa = PBXBuildFile; fileRef = 93A3EC7F257B47580099B08C /* ComplicationController.swift */; };
		93A3EC82257B47590099B08C /* Assets.xcassets in Resources */ = {isa = PBXBuildFile; fileRef = 93A3EC81257B47590099B08C /* Assets.xcassets */; };
		93A3EC85257B47590099B08C /* Preview Assets.xcassets in Resources */ = {isa = PBXBuildFile; fileRef = 93A3EC84257B47590099B08C /* Preview Assets.xcassets */; };
		93A3EC89257B47590099B08C /* QuoteGarden-Watch.app in Embed Watch Content */ = {isa = PBXBuildFile; fileRef = 93A3EC6D257B47530099B08C /* QuoteGarden-Watch.app */; settings = {ATTRIBUTES = (RemoveHeadersOnCopy, ); }; };
		93C1AFD325D1B32D00F78CC8 /* Quote.swift in Sources */ = {isa = PBXBuildFile; fileRef = 93DEB57225284631006B9BF5 /* Quote.swift */; };
		93C1B00C25D1B5E400F78CC8 /* QuoteView.swift in Sources */ = {isa = PBXBuildFile; fileRef = 9362130C252ECBC1009A7CDE /* QuoteView.swift */; };
		93C8F6AC2564DF140072589B /* WidgetKit.framework in Frameworks */ = {isa = PBXBuildFile; fileRef = 93C8F6AB2564DF140072589B /* WidgetKit.framework */; };
		93C8F6AD2564DF140072589B /* SwiftUI.framework in Frameworks */ = {isa = PBXBuildFile; fileRef = 939D200525317E14003C34D8 /* SwiftUI.framework */; };
		93C8F6B02564DF140072589B /* QuoteGarden_Widget.swift in Sources */ = {isa = PBXBuildFile; fileRef = 93C8F6AF2564DF140072589B /* QuoteGarden_Widget.swift */; };
		93C8F6B22564DF180072589B /* Assets.xcassets in Resources */ = {isa = PBXBuildFile; fileRef = 93C8F6B12564DF180072589B /* Assets.xcassets */; };
		93C8F6B62564DF180072589B /* QuoteGarden-WidgetExtension.appex in Embed App Extensions */ = {isa = PBXBuildFile; fileRef = 93C8F6AA2564DF140072589B /* QuoteGarden-WidgetExtension.appex */; settings = {ATTRIBUTES = (RemoveHeadersOnCopy, ); }; };
		93C8F6C32564DFFB0072589B /* Quote.swift in Sources */ = {isa = PBXBuildFile; fileRef = 93DEB57225284631006B9BF5 /* Quote.swift */; };
		93C8F6CC2564E1D80072589B /* QuoteView.swift in Sources */ = {isa = PBXBuildFile; fileRef = 9362130C252ECBC1009A7CDE /* QuoteView.swift */; };
		93CDBD7E26FADFD60051EC5A /* SpeechDelegate.swift in Sources */ = {isa = PBXBuildFile; fileRef = 93CDBD7D26FADFD60051EC5A /* SpeechDelegate.swift */; };
		93DEB53F25284527006B9BF5 /* AppDelegate.swift in Sources */ = {isa = PBXBuildFile; fileRef = 93DEB53E25284527006B9BF5 /* AppDelegate.swift */; };
		93DEB54125284527006B9BF5 /* SceneDelegate.swift in Sources */ = {isa = PBXBuildFile; fileRef = 93DEB54025284527006B9BF5 /* SceneDelegate.swift */; };
		93DEB54625284527006B9BF5 /* ContentView.swift in Sources */ = {isa = PBXBuildFile; fileRef = 93DEB54525284527006B9BF5 /* ContentView.swift */; };
		93DEB54825284529006B9BF5 /* Assets.xcassets in Resources */ = {isa = PBXBuildFile; fileRef = 93DEB54725284529006B9BF5 /* Assets.xcassets */; };
		93DEB54B25284529006B9BF5 /* Preview Assets.xcassets in Resources */ = {isa = PBXBuildFile; fileRef = 93DEB54A25284529006B9BF5 /* Preview Assets.xcassets */; };
		93DEB57325284631006B9BF5 /* Quote.swift in Sources */ = {isa = PBXBuildFile; fileRef = 93DEB57225284631006B9BF5 /* Quote.swift */; };
		93F0BE66256CD29000ABC037 /* AppReviewRequest.swift in Sources */ = {isa = PBXBuildFile; fileRef = 93F0BE65256CD29000ABC037 /* AppReviewRequest.swift */; };
		A4E55EB3283A2C09006AB287 /* Media.xcassets in Resources */ = {isa = PBXBuildFile; fileRef = A4E55EB2283A2C09006AB287 /* Media.xcassets */; };
/* End PBXBuildFile section */

/* Begin PBXContainerItemProxy section */
		9377472125CE56F1005CFB46 /* PBXContainerItemProxy */ = {
			isa = PBXContainerItemProxy;
			containerPortal = 93DEB53325284527006B9BF5 /* Project object */;
			proxyType = 1;
			remoteGlobalIDString = 9377471325CE56EA005CFB46;
			remoteInfo = "QuoteGarden-AppClip";
		};
		93A3EC78257B47570099B08C /* PBXContainerItemProxy */ = {
			isa = PBXContainerItemProxy;
			containerPortal = 93DEB53325284527006B9BF5 /* Project object */;
			proxyType = 1;
			remoteGlobalIDString = 93A3EC75257B47570099B08C;
			remoteInfo = "QuoteGarden-Watch Extension";
		};
		93A3EC87257B47590099B08C /* PBXContainerItemProxy */ = {
			isa = PBXContainerItemProxy;
			containerPortal = 93DEB53325284527006B9BF5 /* Project object */;
			proxyType = 1;
			remoteGlobalIDString = 93A3EC6C257B47530099B08C;
			remoteInfo = "QuoteGarden-Watch";
		};
		93C8F6B42564DF180072589B /* PBXContainerItemProxy */ = {
			isa = PBXContainerItemProxy;
			containerPortal = 93DEB53325284527006B9BF5 /* Project object */;
			proxyType = 1;
			remoteGlobalIDString = 93C8F6A92564DF140072589B;
			remoteInfo = "QuoteGarden-WidgetExtension";
		};
/* End PBXContainerItemProxy section */

/* Begin PBXCopyFilesBuildPhase section */
		9377472425CE56F1005CFB46 /* Embed App Clips */ = {
			isa = PBXCopyFilesBuildPhase;
			buildActionMask = 2147483647;
			dstPath = "$(CONTENTS_FOLDER_PATH)/AppClips";
			dstSubfolderSpec = 16;
			files = (
				9377472325CE56F1005CFB46 /* QuoteGarden-AppClip.app in Embed App Clips */,
			);
			name = "Embed App Clips";
			runOnlyForDeploymentPostprocessing = 0;
		};
		939D201625317E17003C34D8 /* Embed App Extensions */ = {
			isa = PBXCopyFilesBuildPhase;
			buildActionMask = 2147483647;
			dstPath = "";
			dstSubfolderSpec = 13;
			files = (
				93C8F6B62564DF180072589B /* QuoteGarden-WidgetExtension.appex in Embed App Extensions */,
			);
			name = "Embed App Extensions";
			runOnlyForDeploymentPostprocessing = 0;
		};
		93A3EC8D257B47590099B08C /* Embed App Extensions */ = {
			isa = PBXCopyFilesBuildPhase;
			buildActionMask = 2147483647;
			dstPath = "";
			dstSubfolderSpec = 13;
			files = (
				93A3EC77257B47570099B08C /* QuoteGarden-Watch Extension.appex in Embed App Extensions */,
			);
			name = "Embed App Extensions";
			runOnlyForDeploymentPostprocessing = 0;
		};
		93A3EC91257B47590099B08C /* Embed Watch Content */ = {
			isa = PBXCopyFilesBuildPhase;
			buildActionMask = 2147483647;
			dstPath = "$(CONTENTS_FOLDER_PATH)/Watch";
			dstSubfolderSpec = 16;
			files = (
				93A3EC89257B47590099B08C /* QuoteGarden-Watch.app in Embed Watch Content */,
			);
			name = "Embed Watch Content";
			runOnlyForDeploymentPostprocessing = 0;
		};
/* End PBXCopyFilesBuildPhase section */

/* Begin PBXFileReference section */
		933991A92694AEA400EC8CDF /* buy.json */ = {isa = PBXFileReference; fileEncoding = 4; lastKnownFileType = text.json; path = buy.json; sourceTree = "<group>"; };
		933991B52694AF1000EC8CDF /* countdown.json */ = {isa = PBXFileReference; fileEncoding = 4; lastKnownFileType = text.json; path = countdown.json; sourceTree = "<group>"; };
		933991BC2694C23200EC8CDF /* StoreKit.framework */ = {isa = PBXFileReference; lastKnownFileType = wrapper.framework; name = StoreKit.framework; path = System/Library/Frameworks/StoreKit.framework; sourceTree = SDKROOT; };
		933E2DD2264A9CD3008E8FE2 /* quotes1.json */ = {isa = PBXFileReference; fileEncoding = 4; lastKnownFileType = text.json; path = quotes1.json; sourceTree = "<group>"; };
		933E2DD3264A9CD3008E8FE2 /* quotes2.json */ = {isa = PBXFileReference; fileEncoding = 4; lastKnownFileType = text.json; path = quotes2.json; sourceTree = "<group>"; };
		933E2DE6264AF9C8008E8FE2 /* quotes2.json */ = {isa = PBXFileReference; fileEncoding = 4; lastKnownFileType = text.json; path = quotes2.json; sourceTree = "<group>"; };
		933E2DE7264AF9C8008E8FE2 /* quotes1.json */ = {isa = PBXFileReference; fileEncoding = 4; lastKnownFileType = text.json; path = quotes1.json; sourceTree = "<group>"; };
		933E2DF0264D51F9008E8FE2 /* sampleQuotes.json */ = {isa = PBXFileReference; fileEncoding = 4; lastKnownFileType = text.json; path = sampleQuotes.json; sourceTree = "<group>"; };
		935AD116270FFC8100CEED94 /* en */ = {isa = PBXFileReference; lastKnownFileType = text.plist.strings; name = en; path = en.lproj/Localizable.strings; sourceTree = "<group>"; };
		9362130C252ECBC1009A7CDE /* QuoteView.swift */ = {isa = PBXFileReference; lastKnownFileType = sourcecode.swift; path = QuoteView.swift; sourceTree = "<group>"; };
		936886852545D18E0034F960 /* QuoteGeneratorView.swift */ = {isa = PBXFileReference; lastKnownFileType = sourcecode.swift; path = QuoteGeneratorView.swift; sourceTree = "<group>"; };
		936886CA25469D460034F960 /* IconButtonStyle.swift */ = {isa = PBXFileReference; lastKnownFileType = sourcecode.swift; path = IconButtonStyle.swift; sourceTree = "<group>"; };
		9370A51D25454CD100F2C029 /* ViewToUIImage.swift */ = {isa = PBXFileReference; lastKnownFileType = sourcecode.swift; path = ViewToUIImage.swift; sourceTree = "<group>"; };
		9370A52B2545609A00F2C029 /* Extensions.swift */ = {isa = PBXFileReference; lastKnownFileType = sourcecode.swift; path = Extensions.swift; sourceTree = "<group>"; };
		9377471425CE56EA005CFB46 /* QuoteGarden-AppClip.app */ = {isa = PBXFileReference; explicitFileType = wrapper.application; includeInIndex = 0; path = "QuoteGarden-AppClip.app"; sourceTree = BUILT_PRODUCTS_DIR; };
		9377471625CE56EA005CFB46 /* QuoteGarden_AppClipApp.swift */ = {isa = PBXFileReference; lastKnownFileType = sourcecode.swift; path = QuoteGarden_AppClipApp.swift; sourceTree = "<group>"; };
		9377471825CE56EA005CFB46 /* ContentView.swift */ = {isa = PBXFileReference; lastKnownFileType = sourcecode.swift; path = ContentView.swift; sourceTree = "<group>"; };
		9377471A25CE56F1005CFB46 /* Assets.xcassets */ = {isa = PBXFileReference; lastKnownFileType = folder.assetcatalog; path = Assets.xcassets; sourceTree = "<group>"; };
		9377471D25CE56F1005CFB46 /* Preview Assets.xcassets */ = {isa = PBXFileReference; lastKnownFileType = folder.assetcatalog; path = "Preview Assets.xcassets"; sourceTree = "<group>"; };
		9377471F25CE56F1005CFB46 /* Info.plist */ = {isa = PBXFileReference; lastKnownFileType = text.plist.xml; path = Info.plist; sourceTree = "<group>"; };
		9377472025CE56F1005CFB46 /* QuoteGarden_AppClip.entitlements */ = {isa = PBXFileReference; lastKnownFileType = text.plist.entitlements; path = QuoteGarden_AppClip.entitlements; sourceTree = "<group>"; };
		937886AD26F99FC9000AF8E2 /* SpeechManager.swift */ = {isa = PBXFileReference; lastKnownFileType = sourcecode.swift; path = SpeechManager.swift; sourceTree = "<group>"; };
		93835D2E26CF6907007D0DAB /* QuoteViewModel.swift */ = {isa = PBXFileReference; lastKnownFileType = sourcecode.swift; path = QuoteViewModel.swift; sourceTree = "<group>"; };
		938D8374257F583F00F0FD17 /* QuoteGarden-Watch-Bridging-Header.h */ = {isa = PBXFileReference; lastKnownFileType = sourcecode.c.h; path = "QuoteGarden-Watch-Bridging-Header.h"; sourceTree = "<group>"; };
		939D200525317E14003C34D8 /* SwiftUI.framework */ = {isa = PBXFileReference; lastKnownFileType = wrapper.framework; name = SwiftUI.framework; path = System/Library/Frameworks/SwiftUI.framework; sourceTree = SDKROOT; };
		93A3EC6D257B47530099B08C /* QuoteGarden-Watch.app */ = {isa = PBXFileReference; explicitFileType = wrapper.application; includeInIndex = 0; path = "QuoteGarden-Watch.app"; sourceTree = BUILT_PRODUCTS_DIR; };
		93A3EC6F257B47570099B08C /* Assets.xcassets */ = {isa = PBXFileReference; lastKnownFileType = folder.assetcatalog; path = Assets.xcassets; sourceTree = "<group>"; };
		93A3EC71257B47570099B08C /* Info.plist */ = {isa = PBXFileReference; lastKnownFileType = text.plist.xml; path = Info.plist; sourceTree = "<group>"; };
		93A3EC76257B47570099B08C /* QuoteGarden-Watch Extension.appex */ = {isa = PBXFileReference; explicitFileType = "wrapper.app-extension"; includeInIndex = 0; path = "QuoteGarden-Watch Extension.appex"; sourceTree = BUILT_PRODUCTS_DIR; };
		93A3EC7B257B47570099B08C /* ContentView.swift */ = {isa = PBXFileReference; lastKnownFileType = sourcecode.swift; path = ContentView.swift; sourceTree = "<group>"; };
		93A3EC7D257B47580099B08C /* QuoteGardenApp.swift */ = {isa = PBXFileReference; lastKnownFileType = sourcecode.swift; path = QuoteGardenApp.swift; sourceTree = "<group>"; };
		93A3EC7F257B47580099B08C /* ComplicationController.swift */ = {isa = PBXFileReference; lastKnownFileType = sourcecode.swift; path = ComplicationController.swift; sourceTree = "<group>"; };
		93A3EC81257B47590099B08C /* Assets.xcassets */ = {isa = PBXFileReference; lastKnownFileType = folder.assetcatalog; path = Assets.xcassets; sourceTree = "<group>"; };
		93A3EC84257B47590099B08C /* Preview Assets.xcassets */ = {isa = PBXFileReference; lastKnownFileType = folder.assetcatalog; path = "Preview Assets.xcassets"; sourceTree = "<group>"; };
		93A3EC86257B47590099B08C /* Info.plist */ = {isa = PBXFileReference; lastKnownFileType = text.plist.xml; path = Info.plist; sourceTree = "<group>"; };
		93C8F6AA2564DF140072589B /* QuoteGarden-WidgetExtension.appex */ = {isa = PBXFileReference; explicitFileType = "wrapper.app-extension"; includeInIndex = 0; path = "QuoteGarden-WidgetExtension.appex"; sourceTree = BUILT_PRODUCTS_DIR; };
		93C8F6AB2564DF140072589B /* WidgetKit.framework */ = {isa = PBXFileReference; lastKnownFileType = wrapper.framework; name = WidgetKit.framework; path = System/Library/Frameworks/WidgetKit.framework; sourceTree = SDKROOT; };
		93C8F6AF2564DF140072589B /* QuoteGarden_Widget.swift */ = {isa = PBXFileReference; lastKnownFileType = sourcecode.swift; path = QuoteGarden_Widget.swift; sourceTree = "<group>"; };
		93C8F6B12564DF180072589B /* Assets.xcassets */ = {isa = PBXFileReference; lastKnownFileType = folder.assetcatalog; path = Assets.xcassets; sourceTree = "<group>"; };
		93C8F6B32564DF180072589B /* Info.plist */ = {isa = PBXFileReference; lastKnownFileType = text.plist.xml; path = Info.plist; sourceTree = "<group>"; };
		93C8F6BE2564DF360072589B /* QuoteGarden-WidgetExtension.entitlements */ = {isa = PBXFileReference; lastKnownFileType = text.plist.entitlements; path = "QuoteGarden-WidgetExtension.entitlements"; sourceTree = "<group>"; };
		93CDBD7D26FADFD60051EC5A /* SpeechDelegate.swift */ = {isa = PBXFileReference; lastKnownFileType = sourcecode.swift; path = SpeechDelegate.swift; sourceTree = "<group>"; };
		93DEB53B25284527006B9BF5 /* QuoteGarden.app */ = {isa = PBXFileReference; explicitFileType = wrapper.application; includeInIndex = 0; path = QuoteGarden.app; sourceTree = BUILT_PRODUCTS_DIR; };
		93DEB53E25284527006B9BF5 /* AppDelegate.swift */ = {isa = PBXFileReference; lastKnownFileType = sourcecode.swift; path = AppDelegate.swift; sourceTree = "<group>"; };
		93DEB54025284527006B9BF5 /* SceneDelegate.swift */ = {isa = PBXFileReference; lastKnownFileType = sourcecode.swift; path = SceneDelegate.swift; sourceTree = "<group>"; };
		93DEB54325284527006B9BF5 /* QuoteGarden.xcdatamodel */ = {isa = PBXFileReference; lastKnownFileType = wrapper.xcdatamodel; path = QuoteGarden.xcdatamodel; sourceTree = "<group>"; };
		93DEB54525284527006B9BF5 /* ContentView.swift */ = {isa = PBXFileReference; lastKnownFileType = sourcecode.swift; path = ContentView.swift; sourceTree = "<group>"; };
		93DEB54725284529006B9BF5 /* Assets.xcassets */ = {isa = PBXFileReference; lastKnownFileType = folder.assetcatalog; name = Assets.xcassets; path = "/Users/sun/DiscoverRandomQuotes-main/QuoteGarden/Assets.xcassets"; sourceTree = "<absolute>"; };
		93DEB54A25284529006B9BF5 /* Preview Assets.xcassets */ = {isa = PBXFileReference; lastKnownFileType = folder.assetcatalog; path = "Preview Assets.xcassets"; sourceTree = "<group>"; };
		93DEB54F25284529006B9BF5 /* Info.plist */ = {isa = PBXFileReference; lastKnownFileType = text.plist.xml; path = Info.plist; sourceTree = "<group>"; };
		93DEB57225284631006B9BF5 /* Quote.swift */ = {isa = PBXFileReference; lastKnownFileType = sourcecode.swift; path = Quote.swift; sourceTree = "<group>"; };
		93F0BE65256CD29000ABC037 /* AppReviewRequest.swift */ = {isa = PBXFileReference; lastKnownFileType = sourcecode.swift; path = AppReviewRequest.swift; sourceTree = "<group>"; };
		A4E55EB2283A2C09006AB287 /* Media.xcassets */ = {isa = PBXFileReference; lastKnownFileType = folder.assetcatalog; path = Media.xcassets; sourceTree = "<group>"; };
/* End PBXFileReference section */

/* Begin PBXFrameworksBuildPhase section */
		9377471125CE56EA005CFB46 /* Frameworks */ = {
			isa = PBXFrameworksBuildPhase;
			buildActionMask = 2147483647;
			files = (
			);
			runOnlyForDeploymentPostprocessing = 0;
		};
		93A3EC73257B47570099B08C /* Frameworks */ = {
			isa = PBXFrameworksBuildPhase;
			buildActionMask = 2147483647;
			files = (
			);
			runOnlyForDeploymentPostprocessing = 0;
		};
		93C8F6A72564DF140072589B /* Frameworks */ = {
			isa = PBXFrameworksBuildPhase;
			buildActionMask = 2147483647;
			files = (
				93C8F6AD2564DF140072589B /* SwiftUI.framework in Frameworks */,
				93C8F6AC2564DF140072589B /* WidgetKit.framework in Frameworks */,
			);
			runOnlyForDeploymentPostprocessing = 0;
		};
		93DEB53825284527006B9BF5 /* Frameworks */ = {
			isa = PBXFrameworksBuildPhase;
			buildActionMask = 2147483647;
			files = (
				933991BD2694C23200EC8CDF /* StoreKit.framework in Frameworks */,
			);
			runOnlyForDeploymentPostprocessing = 0;
		};
/* End PBXFrameworksBuildPhase section */

/* Begin PBXGroup section */
		933991812694A77B00EC8CDF /* Extra */ = {
			isa = PBXGroup;
			children = (
				937886AD26F99FC9000AF8E2 /* SpeechManager.swift */,
				93CDBD7D26FADFD60051EC5A /* SpeechDelegate.swift */,
				9370A52B2545609A00F2C029 /* Extensions.swift */,
				93F0BE65256CD29000ABC037 /* AppReviewRequest.swift */,
				9370A51D25454CD100F2C029 /* ViewToUIImage.swift */,
			);
			path = Extra;
			sourceTree = "<group>";
		};
		933E2DD1264A9CB3008E8FE2 /* Json */ = {
			isa = PBXGroup;
			children = (
				933E2DD2264A9CD3008E8FE2 /* quotes1.json */,
				933E2DD3264A9CD3008E8FE2 /* quotes2.json */,
			);
			path = Json;
			sourceTree = "<group>";
		};
		933E2DE5264AF9B8008E8FE2 /* Json */ = {
			isa = PBXGroup;
			children = (
				933E2DE7264AF9C8008E8FE2 /* quotes1.json */,
				933E2DE6264AF9C8008E8FE2 /* quotes2.json */,
			);
			path = Json;
			sourceTree = "<group>";
		};
		933E2DEF264D51E2008E8FE2 /* Json */ = {
			isa = PBXGroup;
			children = (
				933E2DF0264D51F9008E8FE2 /* sampleQuotes.json */,
			);
			path = Json;
			sourceTree = "<group>";
		};
		935562072538135A00BF2F0A /* Quotes */ = {
			isa = PBXGroup;
			children = (
				933E2DD1264A9CB3008E8FE2 /* Json */,
				93DEB57225284631006B9BF5 /* Quote.swift */,
				9362130C252ECBC1009A7CDE /* QuoteView.swift */,
				93835D2E26CF6907007D0DAB /* QuoteViewModel.swift */,
				936886852545D18E0034F960 /* QuoteGeneratorView.swift */,
			);
			path = Quotes;
			sourceTree = "<group>";
		};
		935AC55826DC92400086F76D /* Button Styles */ = {
			isa = PBXGroup;
			children = (
				936886CA25469D460034F960 /* IconButtonStyle.swift */,
			);
			path = "Button Styles";
			sourceTree = "<group>";
		};
		9377471525CE56EA005CFB46 /* QuoteGarden-AppClip */ = {
			isa = PBXGroup;
			children = (
				933E2DEF264D51E2008E8FE2 /* Json */,
				9377471625CE56EA005CFB46 /* QuoteGarden_AppClipApp.swift */,
				9377471825CE56EA005CFB46 /* ContentView.swift */,
				9377471A25CE56F1005CFB46 /* Assets.xcassets */,
				9377471F25CE56F1005CFB46 /* Info.plist */,
				9377472025CE56F1005CFB46 /* QuoteGarden_AppClip.entitlements */,
				9377471C25CE56F1005CFB46 /* Preview Content */,
			);
			path = "QuoteGarden-AppClip";
			sourceTree = "<group>";
		};
		9377471C25CE56F1005CFB46 /* Preview Content */ = {
			isa = PBXGroup;
			children = (
				9377471D25CE56F1005CFB46 /* Preview Assets.xcassets */,
			);
			path = "Preview Content";
			sourceTree = "<group>";
		};
		939D200225317E14003C34D8 /* Frameworks */ = {
			isa = PBXGroup;
			children = (
				933991BC2694C23200EC8CDF /* StoreKit.framework */,
				939D200525317E14003C34D8 /* SwiftUI.framework */,
				93C8F6AB2564DF140072589B /* WidgetKit.framework */,
			);
			name = Frameworks;
			sourceTree = "<group>";
		};
		939FDD9F262AA5D2007B8D19 /* Animations */ = {
			isa = PBXGroup;
			children = (
				933991B52694AF1000EC8CDF /* countdown.json */,
				933991A92694AEA400EC8CDF /* buy.json */,
			);
			path = Animations;
			sourceTree = "<group>";
		};
		93A3EC6E257B47540099B08C /* QuoteGarden-Watch */ = {
			isa = PBXGroup;
			children = (
				93A3EC6F257B47570099B08C /* Assets.xcassets */,
				93A3EC71257B47570099B08C /* Info.plist */,
			);
			path = "QuoteGarden-Watch";
			sourceTree = "<group>";
		};
		93A3EC7A257B47570099B08C /* QuoteGarden-Watch Extension */ = {
			isa = PBXGroup;
			children = (
				93A3EC7B257B47570099B08C /* ContentView.swift */,
				933E2DE5264AF9B8008E8FE2 /* Json */,
				93A3EC7D257B47580099B08C /* QuoteGardenApp.swift */,
				93A3EC7F257B47580099B08C /* ComplicationController.swift */,
				93A3EC81257B47590099B08C /* Assets.xcassets */,
				93A3EC86257B47590099B08C /* Info.plist */,
				93A3EC83257B47590099B08C /* Preview Content */,
				938D8374257F583F00F0FD17 /* QuoteGarden-Watch-Bridging-Header.h */,
			);
			path = "QuoteGarden-Watch Extension";
			sourceTree = "<group>";
		};
		93A3EC83257B47590099B08C /* Preview Content */ = {
			isa = PBXGroup;
			children = (
				93A3EC84257B47590099B08C /* Preview Assets.xcassets */,
			);
			path = "Preview Content";
			sourceTree = "<group>";
		};
		93C8F6AE2564DF140072589B /* QuoteGarden-Widget */ = {
			isa = PBXGroup;
			children = (
				93C8F6AF2564DF140072589B /* QuoteGarden_Widget.swift */,
				93C8F6B12564DF180072589B /* Assets.xcassets */,
				93C8F6B32564DF180072589B /* Info.plist */,
			);
			path = "QuoteGarden-Widget";
			sourceTree = "<group>";
		};
		93DEB53225284527006B9BF5 = {
			isa = PBXGroup;
			children = (
				93DEB53D25284527006B9BF5 /* QuoteGarden */,
				93C8F6BE2564DF360072589B /* QuoteGarden-WidgetExtension.entitlements */,
				93C8F6AE2564DF140072589B /* QuoteGarden-Widget */,
				93A3EC6E257B47540099B08C /* QuoteGarden-Watch */,
				93A3EC7A257B47570099B08C /* QuoteGarden-Watch Extension */,
				9377471525CE56EA005CFB46 /* QuoteGarden-AppClip */,
				939D200225317E14003C34D8 /* Frameworks */,
				93DEB53C25284527006B9BF5 /* Products */,
			);
			sourceTree = "<group>";
		};
		93DEB53C25284527006B9BF5 /* Products */ = {
			isa = PBXGroup;
			children = (
				93DEB53B25284527006B9BF5 /* QuoteGarden.app */,
				93C8F6AA2564DF140072589B /* QuoteGarden-WidgetExtension.appex */,
				93A3EC6D257B47530099B08C /* QuoteGarden-Watch.app */,
				93A3EC76257B47570099B08C /* QuoteGarden-Watch Extension.appex */,
				9377471425CE56EA005CFB46 /* QuoteGarden-AppClip.app */,
			);
			name = Products;
			sourceTree = "<group>";
		};
		93DEB53D25284527006B9BF5 /* QuoteGarden */ = {
			isa = PBXGroup;
			children = (
				93DEB53E25284527006B9BF5 /* AppDelegate.swift */,
				93DEB54025284527006B9BF5 /* SceneDelegate.swift */,
				93DEB54525284527006B9BF5 /* ContentView.swift */,
				935562072538135A00BF2F0A /* Quotes */,
				935AC55826DC92400086F76D /* Button Styles */,
				933991812694A77B00EC8CDF /* Extra */,
				939FDD9F262AA5D2007B8D19 /* Animations */,
				935AD117270FFC8100CEED94 /* Localizable.strings */,
				93DEB54725284529006B9BF5 /* Assets.xcassets */,
				A423F660283A34500020B9E8 /* New Group */,
				93DEB54F25284529006B9BF5 /* Info.plist */,
				93DEB54225284527006B9BF5 /* QuoteGarden.xcdatamodeld */,
				93DEB54925284529006B9BF5 /* Preview Content */,
				A4E55EB2283A2C09006AB287 /* Media.xcassets */,
			);
			path = QuoteGarden;
			sourceTree = "<group>";
		};
		93DEB54925284529006B9BF5 /* Preview Content */ = {
			isa = PBXGroup;
			children = (
				93DEB54A25284529006B9BF5 /* Preview Assets.xcassets */,
			);
			path = "Preview Content";
			sourceTree = "<group>";
		};
		A423F660283A34500020B9E8 /* New Group */ = {
			isa = PBXGroup;
			children = (
			);
			name = "New Group";
			sourceTree = "<group>";
		};
/* End PBXGroup section */

/* Begin PBXNativeTarget section */
		9377471325CE56EA005CFB46 /* QuoteGarden-AppClip */ = {
			isa = PBXNativeTarget;
			buildConfigurationList = 9377472725CE56F1005CFB46 /* Build configuration list for PBXNativeTarget "QuoteGarden-AppClip" */;
			buildPhases = (
				9377471025CE56EA005CFB46 /* Sources */,
				9377471125CE56EA005CFB46 /* Frameworks */,
				9377471225CE56EA005CFB46 /* Resources */,
			);
			buildRules = (
			);
			dependencies = (
			);
			name = "QuoteGarden-AppClip";
			productName = "QuoteGarden-AppClip";
			productReference = 9377471425CE56EA005CFB46 /* QuoteGarden-AppClip.app */;
			productType = "com.apple.product-type.application.on-demand-install-capable";
		};
		93A3EC6C257B47530099B08C /* QuoteGarden-Watch */ = {
			isa = PBXNativeTarget;
			buildConfigurationList = 93A3EC8E257B47590099B08C /* Build configuration list for PBXNativeTarget "QuoteGarden-Watch" */;
			buildPhases = (
				93A3EC6B257B47530099B08C /* Resources */,
				93A3EC8D257B47590099B08C /* Embed App Extensions */,
			);
			buildRules = (
			);
			dependencies = (
				93A3EC79257B47570099B08C /* PBXTargetDependency */,
			);
			name = "QuoteGarden-Watch";
			productName = "QuoteGarden-Watch";
			productReference = 93A3EC6D257B47530099B08C /* QuoteGarden-Watch.app */;
			productType = "com.apple.product-type.application.watchapp2";
		};
		93A3EC75257B47570099B08C /* QuoteGarden-Watch Extension */ = {
			isa = PBXNativeTarget;
			buildConfigurationList = 93A3EC8A257B47590099B08C /* Build configuration list for PBXNativeTarget "QuoteGarden-Watch Extension" */;
			buildPhases = (
				93A3EC72257B47570099B08C /* Sources */,
				93A3EC73257B47570099B08C /* Frameworks */,
				93A3EC74257B47570099B08C /* Resources */,
			);
			buildRules = (
			);
			dependencies = (
			);
			name = "QuoteGarden-Watch Extension";
			productName = "QuoteGarden-Watch Extension";
			productReference = 93A3EC76257B47570099B08C /* QuoteGarden-Watch Extension.appex */;
			productType = "com.apple.product-type.watchkit2-extension";
		};
		93C8F6A92564DF140072589B /* QuoteGarden-WidgetExtension */ = {
			isa = PBXNativeTarget;
			buildConfigurationList = 93C8F6B72564DF180072589B /* Build configuration list for PBXNativeTarget "QuoteGarden-WidgetExtension" */;
			buildPhases = (
				93C8F6A62564DF140072589B /* Sources */,
				93C8F6A72564DF140072589B /* Frameworks */,
				93C8F6A82564DF140072589B /* Resources */,
			);
			buildRules = (
			);
			dependencies = (
			);
			name = "QuoteGarden-WidgetExtension";
			productName = "QuoteGarden-WidgetExtension";
			productReference = 93C8F6AA2564DF140072589B /* QuoteGarden-WidgetExtension.appex */;
			productType = "com.apple.product-type.app-extension";
		};
		93DEB53A25284527006B9BF5 /* QuoteGarden */ = {
			isa = PBXNativeTarget;
			buildConfigurationList = 93DEB56825284529006B9BF5 /* Build configuration list for PBXNativeTarget "QuoteGarden" */;
			buildPhases = (
				9358ED0E2549EF5500C04DC8 /* ShellScript */,
				93DEB53725284527006B9BF5 /* Sources */,
				93DEB53825284527006B9BF5 /* Frameworks */,
				93DEB53925284527006B9BF5 /* Resources */,
				939D201625317E17003C34D8 /* Embed App Extensions */,
				93A3EC91257B47590099B08C /* Embed Watch Content */,
				9377472425CE56F1005CFB46 /* Embed App Clips */,
			);
			buildRules = (
			);
			dependencies = (
				93C8F6B52564DF180072589B /* PBXTargetDependency */,
				93A3EC88257B47590099B08C /* PBXTargetDependency */,
				9377472225CE56F1005CFB46 /* PBXTargetDependency */,
			);
			name = QuoteGarden;
			packageProductDependencies = (
			);
			productName = QuoteGarden;
			productReference = 93DEB53B25284527006B9BF5 /* QuoteGarden.app */;
			productType = "com.apple.product-type.application";
		};
/* End PBXNativeTarget section */

/* Begin PBXProject section */
		93DEB53325284527006B9BF5 /* Project object */ = {
			isa = PBXProject;
			attributes = {
				LastSwiftUpdateCheck = 1240;
				LastUpgradeCheck = 1200;
				TargetAttributes = {
					9377471325CE56EA005CFB46 = {
						CreatedOnToolsVersion = 12.4;
					};
					93A3EC6C257B47530099B08C = {
						CreatedOnToolsVersion = 12.2;
						LastSwiftMigration = 1220;
					};
					93A3EC75257B47570099B08C = {
						CreatedOnToolsVersion = 12.2;
					};
					93C8F6A92564DF140072589B = {
						CreatedOnToolsVersion = 12.2;
					};
					93DEB53A25284527006B9BF5 = {
						CreatedOnToolsVersion = 12.0;
					};
				};
			};
			buildConfigurationList = 93DEB53625284527006B9BF5 /* Build configuration list for PBXProject "QuoteGarden" */;
			compatibilityVersion = "Xcode 9.3";
			developmentRegion = en;
			hasScannedForEncodings = 0;
			knownRegions = (
				en,
				Base,
			);
			mainGroup = 93DEB53225284527006B9BF5;
			packageReferences = (
			);
			productRefGroup = 93DEB53C25284527006B9BF5 /* Products */;
			projectDirPath = "";
			projectRoot = "";
			targets = (
				93DEB53A25284527006B9BF5 /* QuoteGarden */,
				93C8F6A92564DF140072589B /* QuoteGarden-WidgetExtension */,
				93A3EC6C257B47530099B08C /* QuoteGarden-Watch */,
				93A3EC75257B47570099B08C /* QuoteGarden-Watch Extension */,
				9377471325CE56EA005CFB46 /* QuoteGarden-AppClip */,
			);
		};
/* End PBXProject section */

/* Begin PBXResourcesBuildPhase section */
		9377471225CE56EA005CFB46 /* Resources */ = {
			isa = PBXResourcesBuildPhase;
			buildActionMask = 2147483647;
			files = (
				9377471E25CE56F1005CFB46 /* Preview Assets.xcassets in Resources */,
				9377471B25CE56F1005CFB46 /* Assets.xcassets in Resources */,
				933E2DF1264D51F9008E8FE2 /* sampleQuotes.json in Resources */,
			);
			runOnlyForDeploymentPostprocessing = 0;
		};
		93A3EC6B257B47530099B08C /* Resources */ = {
			isa = PBXResourcesBuildPhase;
			buildActionMask = 2147483647;
			files = (
				93A3EC70257B47570099B08C /* Assets.xcassets in Resources */,
			);
			runOnlyForDeploymentPostprocessing = 0;
		};
		93A3EC74257B47570099B08C /* Resources */ = {
			isa = PBXResourcesBuildPhase;
			buildActionMask = 2147483647;
			files = (
				93A3EC85257B47590099B08C /* Preview Assets.xcassets in Resources */,
				933E2DE8264AF9C8008E8FE2 /* quotes2.json in Resources */,
				933E2DE9264AF9C8008E8FE2 /* quotes1.json in Resources */,
				93A3EC82257B47590099B08C /* Assets.xcassets in Resources */,
			);
			runOnlyForDeploymentPostprocessing = 0;
		};
		93C8F6A82564DF140072589B /* Resources */ = {
			isa = PBXResourcesBuildPhase;
			buildActionMask = 2147483647;
			files = (
				93C8F6B22564DF180072589B /* Assets.xcassets in Resources */,
			);
			runOnlyForDeploymentPostprocessing = 0;
		};
		93DEB53925284527006B9BF5 /* Resources */ = {
			isa = PBXResourcesBuildPhase;
			buildActionMask = 2147483647;
			files = (
				93DEB54B25284529006B9BF5 /* Preview Assets.xcassets in Resources */,
				93DEB54825284529006B9BF5 /* Assets.xcassets in Resources */,
				A4E55EB3283A2C09006AB287 /* Media.xcassets in Resources */,
				933991AA2694AEA400EC8CDF /* buy.json in Resources */,
				935AD115270FFC8100CEED94 /* Localizable.strings in Resources */,
				933991B62694AF1000EC8CDF /* countdown.json in Resources */,
				933E2DD4264A9CD3008E8FE2 /* quotes1.json in Resources */,
				933E2DD5264A9CD3008E8FE2 /* quotes2.json in Resources */,
			);
			runOnlyForDeploymentPostprocessing = 0;
		};
/* End PBXResourcesBuildPhase section */

/* Begin PBXShellScriptBuildPhase section */
		9358ED0E2549EF5500C04DC8 /* ShellScript */ = {
			isa = PBXShellScriptBuildPhase;
			buildActionMask = 2147483647;
			files = (
			);
			inputFileListPaths = (
			);
			inputPaths = (
			);
			outputFileListPaths = (
			);
			outputPaths = (
			);
			runOnlyForDeploymentPostprocessing = 0;
			shellPath = /bin/sh;
			shellScript = "if which swiftlint >/dev/null; then\n  swiftlint\nelse\n  echo \"warning: SwiftLint not installed, download from https://github.com/realm/SwiftLint\"\nfi\n\n";
		};
/* End PBXShellScriptBuildPhase section */

/* Begin PBXSourcesBuildPhase section */
		9377471025CE56EA005CFB46 /* Sources */ = {
			isa = PBXSourcesBuildPhase;
			buildActionMask = 2147483647;
			files = (
				9377471925CE56EA005CFB46 /* ContentView.swift in Sources */,
				9308A1E925D1B83200F5F0E9 /* QuoteView.swift in Sources */,
				9308A1B225D1B78000F5F0E9 /* IconButtonStyle.swift in Sources */,
				933E2E22264D939B008E8FE2 /* Quote.swift in Sources */,
				9377471725CE56EA005CFB46 /* QuoteGarden_AppClipApp.swift in Sources */,
				9308A1BD25D1B78E00F5F0E9 /* ViewToUIImage.swift in Sources */,
				9308A1A725D1B72B00F5F0E9 /* Extensions.swift in Sources */,
			);
			runOnlyForDeploymentPostprocessing = 0;
		};
		93A3EC72257B47570099B08C /* Sources */ = {
			isa = PBXSourcesBuildPhase;
			buildActionMask = 2147483647;
			files = (
				93A3EC7C257B47570099B08C /* ContentView.swift in Sources */,
				93C1B00C25D1B5E400F78CC8 /* QuoteView.swift in Sources */,
				93A3EC7E257B47580099B08C /* QuoteGardenApp.swift in Sources */,
				93C1AFD325D1B32D00F78CC8 /* Quote.swift in Sources */,
				93A3EC80257B47580099B08C /* ComplicationController.swift in Sources */,
			);
			runOnlyForDeploymentPostprocessing = 0;
		};
		93C8F6A62564DF140072589B /* Sources */ = {
			isa = PBXSourcesBuildPhase;
			buildActionMask = 2147483647;
			files = (
				93C8F6C32564DFFB0072589B /* Quote.swift in Sources */,
				93C8F6CC2564E1D80072589B /* QuoteView.swift in Sources */,
				93C8F6B02564DF140072589B /* QuoteGarden_Widget.swift in Sources */,
			);
			runOnlyForDeploymentPostprocessing = 0;
		};
		93DEB53725284527006B9BF5 /* Sources */ = {
			isa = PBXSourcesBuildPhase;
			buildActionMask = 2147483647;
			files = (
				93DEB53F25284527006B9BF5 /* AppDelegate.swift in Sources */,
				932C5C9826F83DA600564373 /* QuoteGarden.xcdatamodeld in Sources */,
				93DEB54625284527006B9BF5 /* ContentView.swift in Sources */,
				93DEB57325284631006B9BF5 /* Quote.swift in Sources */,
				93F0BE66256CD29000ABC037 /* AppReviewRequest.swift in Sources */,
				93CDBD7E26FADFD60051EC5A /* SpeechDelegate.swift in Sources */,
				936886CB25469D460034F960 /* IconButtonStyle.swift in Sources */,
				93835D2F26CF6907007D0DAB /* QuoteViewModel.swift in Sources */,
				93DEB54125284527006B9BF5 /* SceneDelegate.swift in Sources */,
				9370A51E25454CD100F2C029 /* ViewToUIImage.swift in Sources */,
				937886AE26F99FC9000AF8E2 /* SpeechManager.swift in Sources */,
				93426350254DC5840023B6FF /* Extensions.swift in Sources */,
				9362130D252ECBC1009A7CDE /* QuoteView.swift in Sources */,
				936886862545D18E0034F960 /* QuoteGeneratorView.swift in Sources */,
			);
			runOnlyForDeploymentPostprocessing = 0;
		};
/* End PBXSourcesBuildPhase section */

/* Begin PBXTargetDependency section */
		9377472225CE56F1005CFB46 /* PBXTargetDependency */ = {
			isa = PBXTargetDependency;
			target = 9377471325CE56EA005CFB46 /* QuoteGarden-AppClip */;
			targetProxy = 9377472125CE56F1005CFB46 /* PBXContainerItemProxy */;
		};
		93A3EC79257B47570099B08C /* PBXTargetDependency */ = {
			isa = PBXTargetDependency;
			target = 93A3EC75257B47570099B08C /* QuoteGarden-Watch Extension */;
			targetProxy = 93A3EC78257B47570099B08C /* PBXContainerItemProxy */;
		};
		93A3EC88257B47590099B08C /* PBXTargetDependency */ = {
			isa = PBXTargetDependency;
			target = 93A3EC6C257B47530099B08C /* QuoteGarden-Watch */;
			targetProxy = 93A3EC87257B47590099B08C /* PBXContainerItemProxy */;
		};
		93C8F6B52564DF180072589B /* PBXTargetDependency */ = {
			isa = PBXTargetDependency;
			target = 93C8F6A92564DF140072589B /* QuoteGarden-WidgetExtension */;
			targetProxy = 93C8F6B42564DF180072589B /* PBXContainerItemProxy */;
		};
/* End PBXTargetDependency section */

/* Begin PBXVariantGroup section */
		935AD117270FFC8100CEED94 /* Localizable.strings */ = {
			isa = PBXVariantGroup;
			children = (
				935AD116270FFC8100CEED94 /* en */,
			);
			name = Localizable.strings;
			sourceTree = "<group>";
		};
/* End PBXVariantGroup section */

/* Begin XCBuildConfiguration section */
		9377472525CE56F1005CFB46 /* Debug */ = {
			isa = XCBuildConfiguration;
			buildSettings = {
				ASSETCATALOG_COMPILER_APPICON_NAME = AppIcon;
				ASSETCATALOG_COMPILER_GLOBAL_ACCENT_COLOR_NAME = AccentColor;
				CODE_SIGN_ENTITLEMENTS = "QuoteGarden-AppClip/QuoteGarden_AppClip.entitlements";
				CODE_SIGN_IDENTITY = "iPhone Distribution";
				CODE_SIGN_STYLE = Manual;
				CURRENT_PROJECT_VERSION = 1;
				DEVELOPMENT_ASSET_PATHS = "\"QuoteGarden-AppClip/Preview Content\"";
				DEVELOPMENT_TEAM = LJF744GC3Q;
				ENABLE_PREVIEWS = YES;
				INFOPLIST_FILE = "QuoteGarden-AppClip/Info.plist";
				IPHONEOS_DEPLOYMENT_TARGET = 14.0;
				LD_RUNPATH_SEARCH_PATHS = (
					"$(inherited)",
					"@executable_path/Frameworks",
				);
				MARKETING_VERSION = 3.2.7;
				PRODUCT_BUNDLE_IDENTIFIER = com.example.QuoteGarden.Clip;
				PRODUCT_NAME = "$(TARGET_NAME)";
				PROVISIONING_PROFILE_SPECIFIER = "Quotes Clip";
				SWIFT_ACTIVE_COMPILATION_CONDITIONS = "DEBUG APPCLIP";
				SWIFT_VERSION = 5.0;
				TARGETED_DEVICE_FAMILY = "1,2";
			};
			name = Debug;
		};
		9377472625CE56F1005CFB46 /* Release */ = {
			isa = XCBuildConfiguration;
			buildSettings = {
				ASSETCATALOG_COMPILER_APPICON_NAME = AppIcon;
				ASSETCATALOG_COMPILER_GLOBAL_ACCENT_COLOR_NAME = AccentColor;
				CODE_SIGN_ENTITLEMENTS = "QuoteGarden-AppClip/QuoteGarden_AppClip.entitlements";
				CODE_SIGN_IDENTITY = "iPhone Distribution";
				CODE_SIGN_STYLE = Manual;
				CURRENT_PROJECT_VERSION = 1;
				DEVELOPMENT_ASSET_PATHS = "\"QuoteGarden-AppClip/Preview Content\"";
				DEVELOPMENT_TEAM = LJF744GC3Q;
				ENABLE_PREVIEWS = YES;
				INFOPLIST_FILE = "QuoteGarden-AppClip/Info.plist";
				IPHONEOS_DEPLOYMENT_TARGET = 14.0;
				LD_RUNPATH_SEARCH_PATHS = (
					"$(inherited)",
					"@executable_path/Frameworks",
				);
				MARKETING_VERSION = 3.2.7;
				PRODUCT_BUNDLE_IDENTIFIER = com.example.QuoteGarden.Clip;
				PRODUCT_NAME = "$(TARGET_NAME)";
				PROVISIONING_PROFILE_SPECIFIER = "Quotes Clip";
				SWIFT_ACTIVE_COMPILATION_CONDITIONS = APPCLIP;
				SWIFT_VERSION = 5.0;
				TARGETED_DEVICE_FAMILY = "1,2";
			};
			name = Release;
		};
		93A3EC8B257B47590099B08C /* Debug */ = {
			isa = XCBuildConfiguration;
			buildSettings = {
				ASSETCATALOG_COMPILER_COMPLICATION_NAME = Complication;
				CODE_SIGN_IDENTITY = "iPhone Distribution";
				CODE_SIGN_STYLE = Manual;
				CURRENT_PROJECT_VERSION = 1;
				DEVELOPMENT_ASSET_PATHS = "\"QuoteGarden-Watch Extension/Preview Content\"";
				DEVELOPMENT_TEAM = LJF744GC3Q;
				ENABLE_PREVIEWS = YES;
				INFOPLIST_FILE = "QuoteGarden-Watch Extension/Info.plist";
				LD_RUNPATH_SEARCH_PATHS = (
					"$(inherited)",
					"@executable_path/Frameworks",
					"@executable_path/../../Frameworks",
				);
				MARKETING_VERSION = 3.2.7;
				PRODUCT_BUNDLE_IDENTIFIER = com.example.QuoteGarden.watchkitapp.watchkitextension;
				PRODUCT_NAME = "${TARGET_NAME}";
				PROVISIONING_PROFILE_SPECIFIER = "Quotes Watch Compilation";
				SDKROOT = watchos;
				SKIP_INSTALL = YES;
				SWIFT_VERSION = 5.0;
				TARGETED_DEVICE_FAMILY = 4;
				WATCHOS_DEPLOYMENT_TARGET = 7.0;
			};
			name = Debug;
		};
		93A3EC8C257B47590099B08C /* Release */ = {
			isa = XCBuildConfiguration;
			buildSettings = {
				ASSETCATALOG_COMPILER_COMPLICATION_NAME = Complication;
				CODE_SIGN_IDENTITY = "iPhone Distribution";
				CODE_SIGN_STYLE = Manual;
				CURRENT_PROJECT_VERSION = 1;
				DEVELOPMENT_ASSET_PATHS = "\"QuoteGarden-Watch Extension/Preview Content\"";
				DEVELOPMENT_TEAM = LJF744GC3Q;
				ENABLE_PREVIEWS = YES;
				INFOPLIST_FILE = "QuoteGarden-Watch Extension/Info.plist";
				LD_RUNPATH_SEARCH_PATHS = (
					"$(inherited)",
					"@executable_path/Frameworks",
					"@executable_path/../../Frameworks",
				);
				MARKETING_VERSION = 3.2.7;
				PRODUCT_BUNDLE_IDENTIFIER = com.example.QuoteGarden.watchkitapp.watchkitextension;
				PRODUCT_NAME = "${TARGET_NAME}";
				PROVISIONING_PROFILE_SPECIFIER = "Quotes Watch Compilation";
				SDKROOT = watchos;
				SKIP_INSTALL = YES;
				SWIFT_VERSION = 5.0;
				TARGETED_DEVICE_FAMILY = 4;
				WATCHOS_DEPLOYMENT_TARGET = 7.0;
			};
			name = Release;
		};
		93A3EC8F257B47590099B08C /* Debug */ = {
			isa = XCBuildConfiguration;
			buildSettings = {
				ALWAYS_EMBED_SWIFT_STANDARD_LIBRARIES = YES;
				ASSETCATALOG_COMPILER_APPICON_NAME = AppIcon;
				ASSETCATALOG_COMPILER_GLOBAL_ACCENT_COLOR_NAME = AccentColor;
				CLANG_ENABLE_MODULES = YES;
				CODE_SIGN_IDENTITY = "iPhone Distribution";
				CODE_SIGN_STYLE = Manual;
				CURRENT_PROJECT_VERSION = 1;
				DEVELOPMENT_TEAM = LJF744GC3Q;
				IBSC_MODULE = QuoteGarden_Watch_Extension;
				INFOPLIST_FILE = "QuoteGarden-Watch/Info.plist";
				LD_RUNPATH_SEARCH_PATHS = (
					"$(inherited)",
					"@executable_path/../Frameworks",
					"@loader_path/../Frameworks",
				);
				MARKETING_VERSION = 3.2.7;
				PRODUCT_BUNDLE_IDENTIFIER = com.example.QuoteGarden.watchkitapp;
				PRODUCT_NAME = "$(TARGET_NAME)";
				PROVISIONING_PROFILE_SPECIFIER = "Quotes Watch";
				SDKROOT = watchos;
				SKIP_INSTALL = YES;
				SWIFT_OBJC_BRIDGING_HEADER = "QuoteGarden-Watch Extension/QuoteGarden-Watch-Bridging-Header.h";
				SWIFT_OPTIMIZATION_LEVEL = "-Onone";
				SWIFT_VERSION = 5.0;
				TARGETED_DEVICE_FAMILY = 4;
				WATCHOS_DEPLOYMENT_TARGET = 7.0;
			};
			name = Debug;
		};
		93A3EC90257B47590099B08C /* Release */ = {
			isa = XCBuildConfiguration;
			buildSettings = {
				ALWAYS_EMBED_SWIFT_STANDARD_LIBRARIES = YES;
				ASSETCATALOG_COMPILER_APPICON_NAME = AppIcon;
				ASSETCATALOG_COMPILER_GLOBAL_ACCENT_COLOR_NAME = AccentColor;
				CLANG_ENABLE_MODULES = YES;
				CODE_SIGN_IDENTITY = "iPhone Distribution";
				CODE_SIGN_STYLE = Manual;
				CURRENT_PROJECT_VERSION = 1;
				DEVELOPMENT_TEAM = LJF744GC3Q;
				IBSC_MODULE = QuoteGarden_Watch_Extension;
				INFOPLIST_FILE = "QuoteGarden-Watch/Info.plist";
				LD_RUNPATH_SEARCH_PATHS = (
					"$(inherited)",
					"@executable_path/../Frameworks",
					"@loader_path/../Frameworks",
				);
				MARKETING_VERSION = 3.2.7;
				PRODUCT_BUNDLE_IDENTIFIER = com.example.QuoteGarden.watchkitapp;
				PRODUCT_NAME = "$(TARGET_NAME)";
				PROVISIONING_PROFILE_SPECIFIER = "Quotes Watch";
				SDKROOT = watchos;
				SKIP_INSTALL = YES;
				SWIFT_OBJC_BRIDGING_HEADER = "QuoteGarden-Watch Extension/QuoteGarden-Watch-Bridging-Header.h";
				SWIFT_VERSION = 5.0;
				TARGETED_DEVICE_FAMILY = 4;
				WATCHOS_DEPLOYMENT_TARGET = 7.0;
			};
			name = Release;
		};
		93C8F6B82564DF180072589B /* Debug */ = {
			isa = XCBuildConfiguration;
			buildSettings = {
				ASSETCATALOG_COMPILER_GLOBAL_ACCENT_COLOR_NAME = AccentColor;
				ASSETCATALOG_COMPILER_WIDGET_BACKGROUND_COLOR_NAME = WidgetBackground;
				CODE_SIGN_ENTITLEMENTS = "QuoteGarden-WidgetExtension.entitlements";
				CODE_SIGN_IDENTITY = "iPhone Distribution";
				CODE_SIGN_STYLE = Manual;
				CURRENT_PROJECT_VERSION = 1;
				DEVELOPMENT_TEAM = LJF744GC3Q;
				INFOPLIST_FILE = "QuoteGarden-Widget/Info.plist";
				IPHONEOS_DEPLOYMENT_TARGET = 14.0;
				LD_RUNPATH_SEARCH_PATHS = (
					"$(inherited)",
					"@executable_path/Frameworks",
					"@executable_path/../../Frameworks",
				);
				MARKETING_VERSION = 3.2.7;
				PRODUCT_BUNDLE_IDENTIFIER = "com.example.QuoteGarden.QuoteGarden-Widget";
				PRODUCT_NAME = "$(TARGET_NAME)";
				PROVISIONING_PROFILE_SPECIFIER = "Quotes Widget";
				SKIP_INSTALL = YES;
				SWIFT_VERSION = 5.0;
				TARGETED_DEVICE_FAMILY = "1,2";
			};
			name = Debug;
		};
		93C8F6B92564DF180072589B /* Release */ = {
			isa = XCBuildConfiguration;
			buildSettings = {
				ASSETCATALOG_COMPILER_GLOBAL_ACCENT_COLOR_NAME = AccentColor;
				ASSETCATALOG_COMPILER_WIDGET_BACKGROUND_COLOR_NAME = WidgetBackground;
				CODE_SIGN_ENTITLEMENTS = "QuoteGarden-WidgetExtension.entitlements";
				CODE_SIGN_IDENTITY = "iPhone Distribution";
				CODE_SIGN_STYLE = Manual;
				CURRENT_PROJECT_VERSION = 1;
				DEVELOPMENT_TEAM = LJF744GC3Q;
				INFOPLIST_FILE = "QuoteGarden-Widget/Info.plist";
				IPHONEOS_DEPLOYMENT_TARGET = 14.0;
				LD_RUNPATH_SEARCH_PATHS = (
					"$(inherited)",
					"@executable_path/Frameworks",
					"@executable_path/../../Frameworks",
				);
				MARKETING_VERSION = 3.2.7;
				PRODUCT_BUNDLE_IDENTIFIER = "com.example.QuoteGarden.QuoteGarden-Widget";
				PRODUCT_NAME = "$(TARGET_NAME)";
				PROVISIONING_PROFILE_SPECIFIER = "Quotes Widget";
				SKIP_INSTALL = YES;
				SWIFT_VERSION = 5.0;
				TARGETED_DEVICE_FAMILY = "1,2";
			};
			name = Release;
		};
		93DEB56625284529006B9BF5 /* Debug */ = {
			isa = XCBuildConfiguration;
			buildSettings = {
				ALWAYS_SEARCH_USER_PATHS = NO;
				CLANG_ANALYZER_NONNULL = YES;
				CLANG_ANALYZER_NUMBER_OBJECT_CONVERSION = YES_AGGRESSIVE;
				CLANG_CXX_LANGUAGE_STANDARD = "gnu++14";
				CLANG_CXX_LIBRARY = "libc++";
				CLANG_ENABLE_MODULES = YES;
				CLANG_ENABLE_OBJC_ARC = YES;
				CLANG_ENABLE_OBJC_WEAK = YES;
				CLANG_WARN_BLOCK_CAPTURE_AUTORELEASING = YES;
				CLANG_WARN_BOOL_CONVERSION = YES;
				CLANG_WARN_COMMA = YES;
				CLANG_WARN_CONSTANT_CONVERSION = YES;
				CLANG_WARN_DEPRECATED_OBJC_IMPLEMENTATIONS = YES;
				CLANG_WARN_DIRECT_OBJC_ISA_USAGE = YES_ERROR;
				CLANG_WARN_DOCUMENTATION_COMMENTS = YES;
				CLANG_WARN_EMPTY_BODY = YES;
				CLANG_WARN_ENUM_CONVERSION = YES;
				CLANG_WARN_INFINITE_RECURSION = YES;
				CLANG_WARN_INT_CONVERSION = YES;
				CLANG_WARN_NON_LITERAL_NULL_CONVERSION = YES;
				CLANG_WARN_OBJC_IMPLICIT_RETAIN_SELF = YES;
				CLANG_WARN_OBJC_LITERAL_CONVERSION = YES;
				CLANG_WARN_OBJC_ROOT_CLASS = YES_ERROR;
				CLANG_WARN_QUOTED_INCLUDE_IN_FRAMEWORK_HEADER = YES;
				CLANG_WARN_RANGE_LOOP_ANALYSIS = YES;
				CLANG_WARN_STRICT_PROTOTYPES = YES;
				CLANG_WARN_SUSPICIOUS_MOVE = YES;
				CLANG_WARN_UNGUARDED_AVAILABILITY = YES_AGGRESSIVE;
				CLANG_WARN_UNREACHABLE_CODE = YES;
				CLANG_WARN__DUPLICATE_METHOD_MATCH = YES;
				COPY_PHASE_STRIP = NO;
				DEBUG_INFORMATION_FORMAT = dwarf;
				ENABLE_STRICT_OBJC_MSGSEND = YES;
				ENABLE_TESTABILITY = YES;
				GCC_C_LANGUAGE_STANDARD = gnu11;
				GCC_DYNAMIC_NO_PIC = NO;
				GCC_NO_COMMON_BLOCKS = YES;
				GCC_OPTIMIZATION_LEVEL = 0;
				GCC_PREPROCESSOR_DEFINITIONS = (
					"DEBUG=1",
					"$(inherited)",
				);
				GCC_WARN_64_TO_32_BIT_CONVERSION = YES;
				GCC_WARN_ABOUT_RETURN_TYPE = YES_ERROR;
				GCC_WARN_UNDECLARED_SELECTOR = YES;
				GCC_WARN_UNINITIALIZED_AUTOS = YES_AGGRESSIVE;
				GCC_WARN_UNUSED_FUNCTION = YES;
				GCC_WARN_UNUSED_VARIABLE = YES;
				IPHONEOS_DEPLOYMENT_TARGET = 14.0;
				MTL_ENABLE_DEBUG_INFO = INCLUDE_SOURCE;
				MTL_FAST_MATH = YES;
				ONLY_ACTIVE_ARCH = YES;
				SDKROOT = iphoneos;
				SWIFT_ACTIVE_COMPILATION_CONDITIONS = DEBUG;
				SWIFT_OPTIMIZATION_LEVEL = "-Onone";
			};
			name = Debug;
		};
		93DEB56725284529006B9BF5 /* Release */ = {
			isa = XCBuildConfiguration;
			buildSettings = {
				ALWAYS_SEARCH_USER_PATHS = NO;
				CLANG_ANALYZER_NONNULL = YES;
				CLANG_ANALYZER_NUMBER_OBJECT_CONVERSION = YES_AGGRESSIVE;
				CLANG_CXX_LANGUAGE_STANDARD = "gnu++14";
				CLANG_CXX_LIBRARY = "libc++";
				CLANG_ENABLE_MODULES = YES;
				CLANG_ENABLE_OBJC_ARC = YES;
				CLANG_ENABLE_OBJC_WEAK = YES;
				CLANG_WARN_BLOCK_CAPTURE_AUTORELEASING = YES;
				CLANG_WARN_BOOL_CONVERSION = YES;
				CLANG_WARN_COMMA = YES;
				CLANG_WARN_CONSTANT_CONVERSION = YES;
				CLANG_WARN_DEPRECATED_OBJC_IMPLEMENTATIONS = YES;
				CLANG_WARN_DIRECT_OBJC_ISA_USAGE = YES_ERROR;
				CLANG_WARN_DOCUMENTATION_COMMENTS = YES;
				CLANG_WARN_EMPTY_BODY = YES;
				CLANG_WARN_ENUM_CONVERSION = YES;
				CLANG_WARN_INFINITE_RECURSION = YES;
				CLANG_WARN_INT_CONVERSION = YES;
				CLANG_WARN_NON_LITERAL_NULL_CONVERSION = YES;
				CLANG_WARN_OBJC_IMPLICIT_RETAIN_SELF = YES;
				CLANG_WARN_OBJC_LITERAL_CONVERSION = YES;
				CLANG_WARN_OBJC_ROOT_CLASS = YES_ERROR;
				CLANG_WARN_QUOTED_INCLUDE_IN_FRAMEWORK_HEADER = YES;
				CLANG_WARN_RANGE_LOOP_ANALYSIS = YES;
				CLANG_WARN_STRICT_PROTOTYPES = YES;
				CLANG_WARN_SUSPICIOUS_MOVE = YES;
				CLANG_WARN_UNGUARDED_AVAILABILITY = YES_AGGRESSIVE;
				CLANG_WARN_UNREACHABLE_CODE = YES;
				CLANG_WARN__DUPLICATE_METHOD_MATCH = YES;
				COPY_PHASE_STRIP = NO;
				DEBUG_INFORMATION_FORMAT = "dwarf-with-dsym";
				ENABLE_NS_ASSERTIONS = NO;
				ENABLE_STRICT_OBJC_MSGSEND = YES;
				GCC_C_LANGUAGE_STANDARD = gnu11;
				GCC_NO_COMMON_BLOCKS = YES;
				GCC_WARN_64_TO_32_BIT_CONVERSION = YES;
				GCC_WARN_ABOUT_RETURN_TYPE = YES_ERROR;
				GCC_WARN_UNDECLARED_SELECTOR = YES;
				GCC_WARN_UNINITIALIZED_AUTOS = YES_AGGRESSIVE;
				GCC_WARN_UNUSED_FUNCTION = YES;
				GCC_WARN_UNUSED_VARIABLE = YES;
				IPHONEOS_DEPLOYMENT_TARGET = 14.0;
				MTL_ENABLE_DEBUG_INFO = NO;
				MTL_FAST_MATH = YES;
				SDKROOT = iphoneos;
				SWIFT_COMPILATION_MODE = wholemodule;
				SWIFT_OPTIMIZATION_LEVEL = "-O";
				VALIDATE_PRODUCT = YES;
			};
			name = Release;
		};
		93DEB56925284529006B9BF5 /* Debug */ = {
			isa = XCBuildConfiguration;
			buildSettings = {
				ALWAYS_EMBED_SWIFT_STANDARD_LIBRARIES = YES;
				ASSETCATALOG_COMPILER_APPICON_NAME = AppIcon;
				ASSETCATALOG_COMPILER_GLOBAL_ACCENT_COLOR_NAME = AccentColor;
				CODE_SIGN_ENTITLEMENTS = QuoteGarden/QuoteGarden.entitlements;
				CODE_SIGN_IDENTITY = "iPhone Distribution";
				CODE_SIGN_STYLE = Manual;
				CURRENT_PROJECT_VERSION = 1;
				DEVELOPMENT_ASSET_PATHS = "\"QuoteGarden/Preview Content\"";
				DEVELOPMENT_TEAM = LJF744GC3Q;
				ENABLE_PREVIEWS = YES;
				INFOPLIST_FILE = QuoteGarden/Info.plist;
				IPHONEOS_DEPLOYMENT_TARGET = 14.0;
				LD_RUNPATH_SEARCH_PATHS = (
					"$(inherited)",
					"@executable_path/Frameworks",
				);
				MARKETING_VERSION = 3.2.7;
				PRODUCT_BUNDLE_IDENTIFIER = com.example.QuoteGarden;
				PRODUCT_NAME = "$(TARGET_NAME)";
				PROVISIONING_PROFILE_SPECIFIER = Quotes;
				SWIFT_VERSION = 5.0;
				TARGETED_DEVICE_FAMILY = "1,2";
			};
			name = Debug;
		};
		93DEB56A25284529006B9BF5 /* Release */ = {
			isa = XCBuildConfiguration;
			buildSettings = {
				ALWAYS_EMBED_SWIFT_STANDARD_LIBRARIES = YES;
				ASSETCATALOG_COMPILER_APPICON_NAME = AppIcon;
				ASSETCATALOG_COMPILER_GLOBAL_ACCENT_COLOR_NAME = AccentColor;
				CODE_SIGN_ENTITLEMENTS = QuoteGarden/QuoteGarden.entitlements;
				CODE_SIGN_IDENTITY = "iPhone Distribution";
				CODE_SIGN_STYLE = Manual;
				CURRENT_PROJECT_VERSION = 1;
				DEVELOPMENT_ASSET_PATHS = "\"QuoteGarden/Preview Content\"";
				DEVELOPMENT_TEAM = LJF744GC3Q;
				ENABLE_PREVIEWS = YES;
				INFOPLIST_FILE = QuoteGarden/Info.plist;
				IPHONEOS_DEPLOYMENT_TARGET = 14.0;
				LD_RUNPATH_SEARCH_PATHS = (
					"$(inherited)",
					"@executable_path/Frameworks",
				);
				MARKETING_VERSION = 3.2.7;
				PRODUCT_BUNDLE_IDENTIFIER = com.example.QuoteGarden;
				PRODUCT_NAME = "$(TARGET_NAME)";
				PROVISIONING_PROFILE_SPECIFIER = Quotes;
				SWIFT_VERSION = 5.0;
				TARGETED_DEVICE_FAMILY = "1,2";
			};
			name = Release;
		};
/* End XCBuildConfiguration section */

/* Begin XCConfigurationList section */
		9377472725CE56F1005CFB46 /* Build configuration list for PBXNativeTarget "QuoteGarden-AppClip" */ = {
			isa = XCConfigurationList;
			buildConfigurations = (
				9377472525CE56F1005CFB46 /* Debug */,
				9377472625CE56F1005CFB46 /* Release */,
			);
			defaultConfigurationIsVisible = 0;
			defaultConfigurationName = Release;
		};
		93A3EC8A257B47590099B08C /* Build configuration list for PBXNativeTarget "QuoteGarden-Watch Extension" */ = {
			isa = XCConfigurationList;
			buildConfigurations = (
				93A3EC8B257B47590099B08C /* Debug */,
				93A3EC8C257B47590099B08C /* Release */,
			);
			defaultConfigurationIsVisible = 0;
			defaultConfigurationName = Release;
		};
		93A3EC8E257B47590099B08C /* Build configuration list for PBXNativeTarget "QuoteGarden-Watch" */ = {
			isa = XCConfigurationList;
			buildConfigurations = (
				93A3EC8F257B47590099B08C /* Debug */,
				93A3EC90257B47590099B08C /* Release */,
			);
			defaultConfigurationIsVisible = 0;
			defaultConfigurationName = Release;
		};
		93C8F6B72564DF180072589B /* Build configuration list for PBXNativeTarget "QuoteGarden-WidgetExtension" */ = {
			isa = XCConfigurationList;
			buildConfigurations = (
				93C8F6B82564DF180072589B /* Debug */,
				93C8F6B92564DF180072589B /* Release */,
			);
			defaultConfigurationIsVisible = 0;
			defaultConfigurationName = Release;
		};
		93DEB53625284527006B9BF5 /* Build configuration list for PBXProject "QuoteGarden" */ = {
			isa = XCConfigurationList;
			buildConfigurations = (
				93DEB56625284529006B9BF5 /* Debug */,
				93DEB56725284529006B9BF5 /* Release */,
			);
			defaultConfigurationIsVisible = 0;
			defaultConfigurationName = Release;
		};
		93DEB56825284529006B9BF5 /* Build configuration list for PBXNativeTarget "QuoteGarden" */ = {
			isa = XCConfigurationList;
			buildConfigurations = (
				93DEB56925284529006B9BF5 /* Debug */,
				93DEB56A25284529006B9BF5 /* Release */,
			);
			defaultConfigurationIsVisible = 0;
			defaultConfigurationName = Release;
		};
/* End XCConfigurationList section */

/* Begin XCVersionGroup section */
		93DEB54225284527006B9BF5 /* QuoteGarden.xcdatamodeld */ = {
			isa = XCVersionGroup;
			children = (
				93DEB54325284527006B9BF5 /* QuoteGarden.xcdatamodel */,
			);
			currentVersion = 93DEB54325284527006B9BF5 /* QuoteGarden.xcdatamodel */;
			path = QuoteGarden.xcdatamodeld;
			sourceTree = "<group>";
			versionGroupType = wrapper.xcdatamodel;
		};
/* End XCVersionGroup section */
	};
	rootObject = 93DEB53325284527006B9BF5 /* Project object */;
}
